
Microsoft Visual Studio Solution File, Format Version 12.00
# Visual Studio 15
VisualStudioVersion = 15.0.28307.902
MinimumVisualStudioVersion = 10.0.40219.1
Project("{FAE04EC0-301F-11D3-BF4B-00C04F79EFBC}") = "ConsoleApp1", "ConsoleApp1\ConsoleApp1.csproj", "{90905B48-F590-4CEB-885E-1E2A0F18D7BD}"
EndProject
Global
	GlobalSection(SolutionConfigurationPlatforms) = preSolution
		Debug|Any CPU = Debug|Any CPU
		Release|Any CPU = Release|Any CPU
	EndGlobalSection
	GlobalSection(ProjectConfigurationPlatforms) = postSolution
		{90905B48-F590-4CEB-885E-1E2A0F18D7BD}.Debug|Any CPU.ActiveCfg = Debug|Any CPU
		{90905B48-F590-4CEB-885E-1E2A0F18D7BD}.Debug|Any CPU.Build.0 = Debug|Any CPU
		{90905B48-F590-4CEB-885E-1E2A0F18D7BD}.Release|Any CPU.ActiveCfg = Release|Any CPU
		{90905B48-F590-4CEB-885E-1E2A0F18D7BD}.Release|Any CPU.Build.0 = Release|Any CPU
	EndGlobalSection
	GlobalSection(SolutionProperties) = preSolution
		HideSolutionNode = FALSE
	EndGlobalSection
	GlobalSection(ExtensibilityGlobals) = postSolution
		SolutionGuid = {A75C1725-4A36-46B6-AD22-A8B86C4B0659}
	EndGlobalSection
EndGlobal
